
Microsoft Visual Studio Solution File, Format Version 12.00
# Visual Studio Version 16
VisualStudioVersion = 16.0.30907.101
MinimumVisualStudioVersion = 10.0.40219.1
Project("{FAE04EC0-301F-11D3-BF4B-00C04F79EFBC}") = "WindowsFormsTest", "WindowsFormsTest.csproj", "{E0FCCE9A-6386-4713-B159-FCD1CA767FB7}"
EndProject
Global
	GlobalSection(SolutionConfigurationPlatforms) = preSolution
		Debug|Any CPU = Debug|Any CPU
		Release|Any CPU = Release|Any CPU
	EndGlobalSection
	GlobalSection(ProjectConfigurationPlatforms) = postSolution
		{E0FCCE9A-6386-4713-B159-FCD1CA767FB7}.Debug|Any CPU.ActiveCfg = Debug|Any CPU
		{E0FCCE9A-6386-4713-B159-FCD1CA767FB7}.Debug|Any CPU.Build.0 = Debug|Any CPU
		{E0FCCE9A-6386-4713-B159-FCD1CA767FB7}.Release|Any CPU.ActiveCfg = Release|Any CPU
		{E0FCCE9A-6386-4713-B159-FCD1CA767FB7}.Release|Any CPU.Build.0 = Release|Any CPU
	EndGlobalSection
	GlobalSection(SolutionProperties) = preSolution
		HideSolutionNode = FALSE
	EndGlobalSection
	GlobalSection(ExtensibilityGlobals) = postSolution
		SolutionGuid = {7FB5ACC6-C20E-4DEF-997D-80227C3A3A8B}
	EndGlobalSection
EndGlobal
