#MicroXplorer Configuration settings - do not modify
Mcu.Family=STM32F4
ProjectManager.MainLocation=Src
PH0-OSC_IN.Locked=true
PA6.Mode=Full_Duplex_Master
PC7.GPIOParameters=GPIO_Label
PH0-OSC_IN.Signal=RCC_OSC_IN
RCC.CortexFreq_Value=16000000
ProjectManager.KeepUserCode=true
Mcu.UserName=STM32F405RGTx
SPI1.VirtualType=VM_MASTER
ADC2.Channel-0\#ChannelRegularConversion=ADC_CHANNEL_2
SH.ADCx_IN2.0=ADC2_IN2,IN2
RCC.PLLCLKFreq_Value=96000000
RCC.PLLQCLKFreq_Value=48000000
PC5.Locked=true
PC7.Locked=true
ProjectManager.functionlistsort=1-MX_GPIO_Init-GPIO-false-HAL-true,2-SystemClock_Config-RCC-false-HAL-false,3-MX_I2C1_Init-I2C1-false-HAL-true,4-MX_SPI1_Init-SPI1-false-HAL-true,5-MX_ADC1_Init-ADC1-false-HAL-true,6-MX_ADC2_Init-ADC2-false-HAL-true,7-MX_USART1_UART_Init-USART1-false-HAL-true
PC0.GPIOParameters=GPIO_Label
PC0.GPIO_Label=MUXA_S0
PC6.GPIO_Label=MUXB_S2
PC3.Locked=true
RCC.RTCFreq_Value=32000
PA3.GPIOParameters=GPIO_Label
PC9.Locked=true
PB0.GPIO_Label=SPI1_CS_POTIA
USART1.IPParameters=VirtualMode
PC1.Locked=true
PA2.GPIOParameters=GPIO_Label
PinOutPanel.RotationAngle=0
ProjectManager.StackSize=0x400
Mcu.IP4=RCC
Mcu.IP5=SPI1
Mcu.IP2=I2C1
NVIC.SVCall_IRQn=true\:0\:0\:false\:false\:true\:false\:false
Mcu.IP3=NVIC
Mcu.IP0=ADC1
Mcu.IP1=ADC2
Mcu.UserConstants=
PC1.GPIOParameters=GPIO_Label
Mcu.ThirdPartyNb=0
SPI1.Direction=SPI_DIRECTION_2LINES
Mcu.IPNb=8
RCC.I2SClocksFreq_Value=96000000
ProjectManager.PreviousToolchain=STM32CubeIDE
PB6.Signal=I2C1_SCL
RCC.VcooutputI2S=96000000
PC7.Signal=GPIO_Output
PB6.Mode=I2C
SPI1.CalculateBaudRate=8.0 MBits/s
PC3.Signal=GPIO_Output
Mcu.Pin6=PA1
Mcu.Pin7=PA2
Mcu.Pin8=PA3
Mcu.Pin9=PA4
RCC.AHBFreq_Value=16000000
PH0-OSC_IN.Mode=HSE-External-Oscillator
Mcu.Pin0=PH0-OSC_IN
Mcu.Pin1=PH1-OSC_OUT
GPIO.groupedBy=
Mcu.Pin2=PC0
Mcu.Pin3=PC1
Mcu.Pin4=PC2
Mcu.Pin5=PC3
ADC1.Channel-0\#ChannelRegularConversion=ADC_CHANNEL_1
ProjectManager.ProjectBuild=false
RCC.HSE_VALUE=16000000
NVIC.UsageFault_IRQn=true\:0\:0\:false\:false\:true\:false\:false
NVIC.DebugMonitor_IRQn=true\:0\:0\:false\:false\:true\:false\:false
PB3.Mode=Trace_Asynchronous_SW
PA4.Locked=true
NVIC.SysTick_IRQn=true\:0\:0\:false\:false\:true\:false\:true
PB12.GPIO_Label=LED_STATUS
ProjectManager.FirmwarePackage=STM32Cube FW_F4 V1.25.0
MxDb.Version=DB.5.0.60
PB0.GPIOParameters=GPIO_Label
PA1.GPIOParameters=GPIO_Label
ProjectManager.BackupPrevious=false
RCC.VCOInputFreq_Value=1000000
PC4.GPIO_Label=MUXB_S0
PA14.Mode=Trace_Asynchronous_SW
SH.ADCx_IN1.ConfNb=1
PB1.GPIO_Label=SPI1_CS_POTIB
File.Version=6
PH1-OSC_OUT.Locked=true
PB7.Signal=I2C1_SDA
NVIC.PendSV_IRQn=true\:0\:0\:false\:false\:true\:false\:false
ProjectManager.HalAssertFull=false
PB0.Locked=true
ADC1.SamplingTime-0\#ChannelRegularConversion=ADC_SAMPLETIME_3CYCLES
ProjectManager.ProjectName=Documents
PH1-OSC_OUT.Mode=HSE-External-Oscillator
PC8.GPIOParameters=GPIO_Label
Mcu.Package=LQFP64
PB1.Signal=GPIO_Output
PA6.Signal=SPI1_MISO
ProjectManager.ToolChainLocation=
PA2.GPIO_Label=ADC_Amplifier_B
RCC.LSI_VALUE=32000
VP_SYS_VS_Systick.Signal=SYS_VS_Systick
PA10.Signal=USART1_RX
ADC2.SamplingTime-0\#ChannelRegularConversion=ADC_SAMPLETIME_3CYCLES
SH.ADCx_IN1.0=ADC1_IN1,IN1
NVIC.BusFault_IRQn=true\:0\:0\:false\:false\:true\:false\:false
PC4.Locked=true
PC5.Signal=GPIO_Output
ADC2.Rank-0\#ChannelRegularConversion=1
PA4.GPIO_Label=SPI1_CS
PC2.GPIO_Label=MUXA_S2
ProjectManager.CustomerFirmwarePackage=
PC4.GPIOParameters=GPIO_Label
PA3.Signal=GPIO_Output
PA5.Mode=Full_Duplex_Master
PA2.Locked=true
ProjectManager.ProjectFileName=Documents.ioc
ADC1.Rank-0\#ChannelRegularConversion=1
PA7.Mode=Full_Duplex_Master
Mcu.PinsNb=30
PA10.Mode=Asynchronous
PC9.GPIO_Label=Switch_Mode
ProjectManager.NoMain=false
SPI1.IPParameters=VirtualType,Mode,Direction,CalculateBaudRate
ADC1.IPParameters=Rank-0\#ChannelRegularConversion,Channel-0\#ChannelRegularConversion,SamplingTime-0\#ChannelRegularConversion,NbrOfConversionFlag,master
PC8.Signal=GPIO_Input
PC2.Signal=GPIO_Output
PC4.Signal=GPIO_Output
PC6.Signal=GPIO_Output
ProjectManager.DefaultFWLocation=true
PB12.Locked=true
ProjectManager.DeletePrevious=true
PC0.Signal=GPIO_Output
RCC.FamilyName=M
PC3.GPIOParameters=GPIO_Label
PC8.GPIO_Label=PushButton_Calibration
PA13.Signal=SYS_JTMS-SWDIO
PA9.Mode=Asynchronous
ProjectManager.TargetToolchain=STM32CubeIDE
ADC2.IPParameters=Rank-0\#ChannelRegularConversion,Channel-0\#ChannelRegularConversion,SamplingTime-0\#ChannelRegularConversion,NbrOfConversionFlag
PC5.GPIOParameters=GPIO_Label
PC6.Locked=true
PA9.Signal=USART1_TX
PC2.Locked=true
RCC.LSE_VALUE=32768
PA1.Signal=ADCx_IN1
PB1.Locked=true
RCC.VCOI2SOutputFreq_Value=192000000
PA5.Signal=SPI1_SCK
board=custom
RCC.VCOOutputFreq_Value=192000000
ProjectManager.LastFirmware=true
RCC.APB2Freq_Value=16000000
MxCube.Version=5.6.1
SPI1.Mode=SPI_MODE_MASTER
SH.ADCx_IN2.ConfNb=1
PC2.GPIOParameters=GPIO_Label
PC1.GPIO_Label=MUXA_S1
PA1.GPIO_Label=ADC_Amplifier_A
VP_SYS_VS_Systick.Mode=SysTick
PH1-OSC_OUT.Signal=RCC_OSC_OUT
NVIC.NonMaskableInt_IRQn=true\:0\:0\:false\:false\:true\:false\:false
PA4.GPIOParameters=GPIO_Label
PA13.Mode=Trace_Asynchronous_SW
ProjectManager.FreePins=false
RCC.IPParameters=AHBFreq_Value,APB1Freq_Value,APB2Freq_Value,CortexFreq_Value,FamilyName,HSE_VALUE,HSI_VALUE,I2SClocksFreq_Value,LSE_VALUE,LSI_VALUE,PLLCLKFreq_Value,PLLQCLKFreq_Value,RTCFreq_Value,RTCHSEDivFreq_Value,SYSCLKFreq_VALUE,VCOI2SOutputFreq_Value,VCOInputFreq_Value,VCOOutputFreq_Value,VcooutputI2S
PC9.GPIOParameters=GPIO_Label
ProjectManager.AskForMigrate=true
Mcu.Name=STM32F405RGTx
Mcu.Pin26=PB3
Mcu.Pin27=PB6
RCC.RTCHSEDivFreq_Value=8000000
PA2.Signal=ADCx_IN2
Mcu.Pin24=PA13
ProjectManager.UnderRoot=true
Mcu.Pin25=PA14
PC7.GPIO_Label=MUXB_S3
Mcu.Pin28=PB7
Mcu.IP6=SYS
Mcu.Pin29=VP_SYS_VS_Systick
Mcu.IP7=USART1
ProjectManager.CoupleFile=false
PB3.Signal=SYS_JTDO-SWO
PA4.Signal=GPIO_Output
RCC.SYSCLKFreq_VALUE=16000000
Mcu.Pin22=PA9
Mcu.Pin23=PA10
PA1.Locked=true
Mcu.Pin20=PC8
ADC1.master=1
PA3.Locked=true
Mcu.Pin21=PC9
ADC2.NbrOfConversionFlag=1
NVIC.ForceEnableDMAVector=true
KeepUserPlacement=false
PC5.GPIO_Label=MUXB_S1
NVIC.MemoryManagement_IRQn=true\:0\:0\:false\:false\:true\:false\:false
USART1.VirtualMode=VM_ASYNC
ProjectManager.CompilerOptimize=6
PB7.Mode=I2C
PA14.Signal=SYS_JTCK-SWCLK
ProjectManager.HeapSize=0x200
Mcu.Pin15=PB0
NVIC.HardFault_IRQn=true\:0\:0\:false\:false\:true\:false\:false
Mcu.Pin16=PB1
Mcu.Pin13=PC4
Mcu.Pin14=PC5
PC6.GPIOParameters=GPIO_Label
Mcu.Pin19=PC7
ProjectManager.ComputerToolchain=false
Mcu.Pin17=PB12
RCC.HSI_VALUE=16000000
Mcu.Pin18=PC6
NVIC.PriorityGroup=NVIC_PRIORITYGROUP_4
ADC1.NbrOfConversionFlag=1
Mcu.Pin11=PA6
Mcu.Pin12=PA7
Mcu.Pin10=PA5
PC3.GPIO_Label=MUXA_S3
PC8.Locked=true
PC9.Signal=GPIO_Input
RCC.APB1Freq_Value=16000000
PB0.Signal=GPIO_Output
PC0.Locked=true
ProjectManager.DeviceId=STM32F405RGTx
PC1.Signal=GPIO_Output
PB12.GPIOParameters=GPIO_Label
PB12.Signal=GPIO_Output
ProjectManager.LibraryCopy=1
PA3.GPIO_Label=SPI1_CS_ADC
PB1.GPIOParameters=GPIO_Label
PA7.Signal=SPI1_MOSI
